
Microsoft Visual Studio Solution File, Format Version 12.00
# Visual Studio Version 17
VisualStudioVersion = 17.11.35303.130
MinimumVisualStudioVersion = 10.0.40219.1
Project("{FAE04EC0-301F-11D3-BF4B-00C04F79EFBC}") = "CodigoClase11", "CodigoClase11.csproj", "{04C30E70-11B6-4241-858B-F1E7AF0E27C6}"
EndProject
Project("{FAE04EC0-301F-11D3-BF4B-00C04F79EFBC}") = "Clase11Ejercicio1", "..\Clase11Ejercicio1\Clase11Ejercicio1.csproj", "{7271E2F9-39C0-45BB-8208-7FA19BC8A3C1}"
EndProject
Project("{FAE04EC0-301F-11D3-BF4B-00C04F79EFBC}") = "Clase11Demo02", "..\Clase11Demo02\Clase11Demo02.csproj", "{AB6F016E-E757-4E76-9202-B0E332A6DAFE}"
EndProject
Project("{FAE04EC0-301F-11D3-BF4B-00C04F79EFBC}") = "Clase11Ejecicio2", "..\Clase11Ejecicio2\Clase11Ejecicio2.csproj", "{36D5D9F5-BDC6-464F-8A3A-42C47F530242}"
EndProject
Global
	GlobalSection(SolutionConfigurationPlatforms) = preSolution
		Debug|Any CPU = Debug|Any CPU
		Release|Any CPU = Release|Any CPU
	EndGlobalSection
	GlobalSection(ProjectConfigurationPlatforms) = postSolution
		{04C30E70-11B6-4241-858B-F1E7AF0E27C6}.Debug|Any CPU.ActiveCfg = Debug|Any CPU
		{04C30E70-11B6-4241-858B-F1E7AF0E27C6}.Debug|Any CPU.Build.0 = Debug|Any CPU
		{04C30E70-11B6-4241-858B-F1E7AF0E27C6}.Release|Any CPU.ActiveCfg = Release|Any CPU
		{04C30E70-11B6-4241-858B-F1E7AF0E27C6}.Release|Any CPU.Build.0 = Release|Any CPU
		{7271E2F9-39C0-45BB-8208-7FA19BC8A3C1}.Debug|Any CPU.ActiveCfg = Debug|Any CPU
		{7271E2F9-39C0-45BB-8208-7FA19BC8A3C1}.Debug|Any CPU.Build.0 = Debug|Any CPU
		{7271E2F9-39C0-45BB-8208-7FA19BC8A3C1}.Release|Any CPU.ActiveCfg = Release|Any CPU
		{7271E2F9-39C0-45BB-8208-7FA19BC8A3C1}.Release|Any CPU.Build.0 = Release|Any CPU
		{AB6F016E-E757-4E76-9202-B0E332A6DAFE}.Debug|Any CPU.ActiveCfg = Debug|Any CPU
		{AB6F016E-E757-4E76-9202-B0E332A6DAFE}.Debug|Any CPU.Build.0 = Debug|Any CPU
		{AB6F016E-E757-4E76-9202-B0E332A6DAFE}.Release|Any CPU.ActiveCfg = Release|Any CPU
		{AB6F016E-E757-4E76-9202-B0E332A6DAFE}.Release|Any CPU.Build.0 = Release|Any CPU
		{36D5D9F5-BDC6-464F-8A3A-42C47F530242}.Debug|Any CPU.ActiveCfg = Debug|Any CPU
		{36D5D9F5-BDC6-464F-8A3A-42C47F530242}.Debug|Any CPU.Build.0 = Debug|Any CPU
		{36D5D9F5-BDC6-464F-8A3A-42C47F530242}.Release|Any CPU.ActiveCfg = Release|Any CPU
		{36D5D9F5-BDC6-464F-8A3A-42C47F530242}.Release|Any CPU.Build.0 = Release|Any CPU
	EndGlobalSection
	GlobalSection(SolutionProperties) = preSolution
		HideSolutionNode = FALSE
	EndGlobalSection
	GlobalSection(ExtensibilityGlobals) = postSolution
		SolutionGuid = {D37630C6-4CB4-481B-BED1-1FDB921DF75B}
	EndGlobalSection
EndGlobal
