
Microsoft Visual Studio Solution File, Format Version 12.00
# Visual Studio Version 17
VisualStudioVersion = 17.11.35222.181
MinimumVisualStudioVersion = 10.0.40219.1
Project("{FAE04EC0-301F-11D3-BF4B-00C04F79EFBC}") = "Estructuras", "Estructuras.csproj", "{4E5FAE46-D431-4B96-BDE4-7ECA4F4E753B}"
EndProject
Global
	GlobalSection(SolutionConfigurationPlatforms) = preSolution
		Debug|Any CPU = Debug|Any CPU
		Release|Any CPU = Release|Any CPU
	EndGlobalSection
	GlobalSection(ProjectConfigurationPlatforms) = postSolution
		{4E5FAE46-D431-4B96-BDE4-7ECA4F4E753B}.Debug|Any CPU.ActiveCfg = Debug|Any CPU
		{4E5FAE46-D431-4B96-BDE4-7ECA4F4E753B}.Debug|Any CPU.Build.0 = Debug|Any CPU
		{4E5FAE46-D431-4B96-BDE4-7ECA4F4E753B}.Release|Any CPU.ActiveCfg = Release|Any CPU
		{4E5FAE46-D431-4B96-BDE4-7ECA4F4E753B}.Release|Any CPU.Build.0 = Release|Any CPU
	EndGlobalSection
	GlobalSection(SolutionProperties) = preSolution
		HideSolutionNode = FALSE
	EndGlobalSection
	GlobalSection(ExtensibilityGlobals) = postSolution
		SolutionGuid = {38A8AEF0-5B7F-4383-BA62-6ECB5FAFA867}
	EndGlobalSection
EndGlobal
