
Microsoft Visual Studio Solution File, Format Version 12.00
# Visual Studio Version 17
VisualStudioVersion = 17.11.35327.3
MinimumVisualStudioVersion = 10.0.40219.1
Project("{FAE04EC0-301F-11D3-BF4B-00C04F79EFBC}") = "Codigo2024Clase29", "Codigo2024Clase29\Codigo2024Clase29.csproj", "{73127AD9-5802-4C01-AD36-09A75C39D25A}"
EndProject
Project("{FAE04EC0-301F-11D3-BF4B-00C04F79EFBC}") = "Datos", "Datos\Datos.csproj", "{4BA31DB7-A5D0-4348-A8EE-A07252B1D6CB}"
EndProject
Project("{FAE04EC0-301F-11D3-BF4B-00C04F79EFBC}") = "Negocio", "Negocio\Negocio.csproj", "{E4D7359E-1807-4796-9462-D95A35D8F6F1}"
EndProject
Project("{FAE04EC0-301F-11D3-BF4B-00C04F79EFBC}") = "ConsoleApp1", "ConsoleApp1\ConsoleApp1.csproj", "{DEA92C2E-8D64-4C35-B710-3F8AC1F37C79}"
EndProject
Project("{FAE04EC0-301F-11D3-BF4B-00C04F79EFBC}") = "Entidad", "Entidad\Entidad.csproj", "{D5124BF4-C289-4B2A-A140-F354BA2626FD}"
EndProject
Global
	GlobalSection(SolutionConfigurationPlatforms) = preSolution
		Debug|Any CPU = Debug|Any CPU
		Release|Any CPU = Release|Any CPU
	EndGlobalSection
	GlobalSection(ProjectConfigurationPlatforms) = postSolution
		{73127AD9-5802-4C01-AD36-09A75C39D25A}.Debug|Any CPU.ActiveCfg = Debug|Any CPU
		{73127AD9-5802-4C01-AD36-09A75C39D25A}.Debug|Any CPU.Build.0 = Debug|Any CPU
		{73127AD9-5802-4C01-AD36-09A75C39D25A}.Release|Any CPU.ActiveCfg = Release|Any CPU
		{73127AD9-5802-4C01-AD36-09A75C39D25A}.Release|Any CPU.Build.0 = Release|Any CPU
		{4BA31DB7-A5D0-4348-A8EE-A07252B1D6CB}.Debug|Any CPU.ActiveCfg = Debug|Any CPU
		{4BA31DB7-A5D0-4348-A8EE-A07252B1D6CB}.Debug|Any CPU.Build.0 = Debug|Any CPU
		{4BA31DB7-A5D0-4348-A8EE-A07252B1D6CB}.Release|Any CPU.ActiveCfg = Release|Any CPU
		{4BA31DB7-A5D0-4348-A8EE-A07252B1D6CB}.Release|Any CPU.Build.0 = Release|Any CPU
		{E4D7359E-1807-4796-9462-D95A35D8F6F1}.Debug|Any CPU.ActiveCfg = Debug|Any CPU
		{E4D7359E-1807-4796-9462-D95A35D8F6F1}.Debug|Any CPU.Build.0 = Debug|Any CPU
		{E4D7359E-1807-4796-9462-D95A35D8F6F1}.Release|Any CPU.ActiveCfg = Release|Any CPU
		{E4D7359E-1807-4796-9462-D95A35D8F6F1}.Release|Any CPU.Build.0 = Release|Any CPU
		{DEA92C2E-8D64-4C35-B710-3F8AC1F37C79}.Debug|Any CPU.ActiveCfg = Debug|Any CPU
		{DEA92C2E-8D64-4C35-B710-3F8AC1F37C79}.Debug|Any CPU.Build.0 = Debug|Any CPU
		{DEA92C2E-8D64-4C35-B710-3F8AC1F37C79}.Release|Any CPU.ActiveCfg = Release|Any CPU
		{DEA92C2E-8D64-4C35-B710-3F8AC1F37C79}.Release|Any CPU.Build.0 = Release|Any CPU
		{D5124BF4-C289-4B2A-A140-F354BA2626FD}.Debug|Any CPU.ActiveCfg = Debug|Any CPU
		{D5124BF4-C289-4B2A-A140-F354BA2626FD}.Debug|Any CPU.Build.0 = Debug|Any CPU
		{D5124BF4-C289-4B2A-A140-F354BA2626FD}.Release|Any CPU.ActiveCfg = Release|Any CPU
		{D5124BF4-C289-4B2A-A140-F354BA2626FD}.Release|Any CPU.Build.0 = Release|Any CPU
	EndGlobalSection
	GlobalSection(SolutionProperties) = preSolution
		HideSolutionNode = FALSE
	EndGlobalSection
	GlobalSection(ExtensibilityGlobals) = postSolution
		SolutionGuid = {8C228850-9AAC-4478-BB74-4890694215D5}
	EndGlobalSection
EndGlobal
