
Microsoft Visual Studio Solution File, Format Version 12.00
# Visual Studio Version 17
VisualStudioVersion = 17.11.35303.130
MinimumVisualStudioVersion = 10.0.40219.1
Project("{FAE04EC0-301F-11D3-BF4B-00C04F79EFBC}") = "CodigoClase10", "CodigoClase10.csproj", "{23814608-3E3D-4778-BD87-B8809154E93D}"
EndProject
Global
	GlobalSection(SolutionConfigurationPlatforms) = preSolution
		Debug|Any CPU = Debug|Any CPU
		Release|Any CPU = Release|Any CPU
	EndGlobalSection
	GlobalSection(ProjectConfigurationPlatforms) = postSolution
		{23814608-3E3D-4778-BD87-B8809154E93D}.Debug|Any CPU.ActiveCfg = Debug|Any CPU
		{23814608-3E3D-4778-BD87-B8809154E93D}.Debug|Any CPU.Build.0 = Debug|Any CPU
		{23814608-3E3D-4778-BD87-B8809154E93D}.Release|Any CPU.ActiveCfg = Release|Any CPU
		{23814608-3E3D-4778-BD87-B8809154E93D}.Release|Any CPU.Build.0 = Release|Any CPU
	EndGlobalSection
	GlobalSection(SolutionProperties) = preSolution
		HideSolutionNode = FALSE
	EndGlobalSection
	GlobalSection(ExtensibilityGlobals) = postSolution
		SolutionGuid = {0F2D4EC9-F02E-4467-8FD7-606154A85FB4}
	EndGlobalSection
EndGlobal
