
Microsoft Visual Studio Solution File, Format Version 12.00
# Visual Studio Version 17
VisualStudioVersion = 17.9.34728.123
MinimumVisualStudioVersion = 10.0.40219.1
Project("{FAE04EC0-301F-11D3-BF4B-00C04F79EFBC}") = "ISP", "ISP\ISP.csproj", "{C6721F30-E220-4E86-8775-01B703F28E8B}"
EndProject
Project("{FAE04EC0-301F-11D3-BF4B-00C04F79EFBC}") = "DIP", "DIP\DIP.csproj", "{081DB984-CED1-43EB-BC6E-836C99427D54}"
EndProject
Global
	GlobalSection(SolutionConfigurationPlatforms) = preSolution
		Debug|Any CPU = Debug|Any CPU
		Release|Any CPU = Release|Any CPU
	EndGlobalSection
	GlobalSection(ProjectConfigurationPlatforms) = postSolution
		{C6721F30-E220-4E86-8775-01B703F28E8B}.Debug|Any CPU.ActiveCfg = Debug|Any CPU
		{C6721F30-E220-4E86-8775-01B703F28E8B}.Debug|Any CPU.Build.0 = Debug|Any CPU
		{C6721F30-E220-4E86-8775-01B703F28E8B}.Release|Any CPU.ActiveCfg = Release|Any CPU
		{C6721F30-E220-4E86-8775-01B703F28E8B}.Release|Any CPU.Build.0 = Release|Any CPU
		{081DB984-CED1-43EB-BC6E-836C99427D54}.Debug|Any CPU.ActiveCfg = Debug|Any CPU
		{081DB984-CED1-43EB-BC6E-836C99427D54}.Debug|Any CPU.Build.0 = Debug|Any CPU
		{081DB984-CED1-43EB-BC6E-836C99427D54}.Release|Any CPU.ActiveCfg = Release|Any CPU
		{081DB984-CED1-43EB-BC6E-836C99427D54}.Release|Any CPU.Build.0 = Release|Any CPU
	EndGlobalSection
	GlobalSection(SolutionProperties) = preSolution
		HideSolutionNode = FALSE
	EndGlobalSection
	GlobalSection(ExtensibilityGlobals) = postSolution
		SolutionGuid = {E933036F-7575-4073-8625-7958059B1820}
	EndGlobalSection
EndGlobal
