
Microsoft Visual Studio Solution File, Format Version 12.00
# Visual Studio Version 17
VisualStudioVersion = 17.11.35222.181
MinimumVisualStudioVersion = 10.0.40219.1
Project("{FAE04EC0-301F-11D3-BF4B-00C04F79EFBC}") = "Fechas", "Fechas.csproj", "{929F94F0-3B6B-4D8B-A758-21C413C2CFF0}"
EndProject
Global
	GlobalSection(SolutionConfigurationPlatforms) = preSolution
		Debug|Any CPU = Debug|Any CPU
		Release|Any CPU = Release|Any CPU
	EndGlobalSection
	GlobalSection(ProjectConfigurationPlatforms) = postSolution
		{929F94F0-3B6B-4D8B-A758-21C413C2CFF0}.Debug|Any CPU.ActiveCfg = Debug|Any CPU
		{929F94F0-3B6B-4D8B-A758-21C413C2CFF0}.Debug|Any CPU.Build.0 = Debug|Any CPU
		{929F94F0-3B6B-4D8B-A758-21C413C2CFF0}.Release|Any CPU.ActiveCfg = Release|Any CPU
		{929F94F0-3B6B-4D8B-A758-21C413C2CFF0}.Release|Any CPU.Build.0 = Release|Any CPU
	EndGlobalSection
	GlobalSection(SolutionProperties) = preSolution
		HideSolutionNode = FALSE
	EndGlobalSection
	GlobalSection(ExtensibilityGlobals) = postSolution
		SolutionGuid = {C79EF289-3BBA-4086-8522-D5B116DAC946}
	EndGlobalSection
EndGlobal
