
Microsoft Visual Studio Solution File, Format Version 12.00
# Visual Studio Version 17
VisualStudioVersion = 17.11.35431.28
MinimumVisualStudioVersion = 10.0.40219.1
Project("{FAE04EC0-301F-11D3-BF4B-00C04F79EFBC}") = "CodigoClase-18112024", "CodigoClase-18112024.csproj", "{51747183-8EDE-443D-BAE3-F8411F930B31}"
EndProject
Global
	GlobalSection(SolutionConfigurationPlatforms) = preSolution
		Debug|Any CPU = Debug|Any CPU
		Release|Any CPU = Release|Any CPU
	EndGlobalSection
	GlobalSection(ProjectConfigurationPlatforms) = postSolution
		{51747183-8EDE-443D-BAE3-F8411F930B31}.Debug|Any CPU.ActiveCfg = Debug|Any CPU
		{51747183-8EDE-443D-BAE3-F8411F930B31}.Debug|Any CPU.Build.0 = Debug|Any CPU
		{51747183-8EDE-443D-BAE3-F8411F930B31}.Release|Any CPU.ActiveCfg = Release|Any CPU
		{51747183-8EDE-443D-BAE3-F8411F930B31}.Release|Any CPU.Build.0 = Release|Any CPU
	EndGlobalSection
	GlobalSection(SolutionProperties) = preSolution
		HideSolutionNode = FALSE
	EndGlobalSection
	GlobalSection(ExtensibilityGlobals) = postSolution
		SolutionGuid = {FD2A336F-BD87-4B18-91B7-282E7D9BF401}
	EndGlobalSection
EndGlobal
