
Microsoft Visual Studio Solution File, Format Version 12.00
# Visual Studio Version 17
VisualStudioVersion = 17.11.35431.28
MinimumVisualStudioVersion = 10.0.40219.1
Project("{FAE04EC0-301F-11D3-BF4B-00C04F79EFBC}") = "CodigoClase25112024", "CodigoClase25112024.csproj", "{11E4C3A3-EF1D-4350-B920-4C29707E519A}"
EndProject
Global
	GlobalSection(SolutionConfigurationPlatforms) = preSolution
		Debug|Any CPU = Debug|Any CPU
		Release|Any CPU = Release|Any CPU
	EndGlobalSection
	GlobalSection(ProjectConfigurationPlatforms) = postSolution
		{11E4C3A3-EF1D-4350-B920-4C29707E519A}.Debug|Any CPU.ActiveCfg = Debug|Any CPU
		{11E4C3A3-EF1D-4350-B920-4C29707E519A}.Debug|Any CPU.Build.0 = Debug|Any CPU
		{11E4C3A3-EF1D-4350-B920-4C29707E519A}.Release|Any CPU.ActiveCfg = Release|Any CPU
		{11E4C3A3-EF1D-4350-B920-4C29707E519A}.Release|Any CPU.Build.0 = Release|Any CPU
	EndGlobalSection
	GlobalSection(SolutionProperties) = preSolution
		HideSolutionNode = FALSE
	EndGlobalSection
	GlobalSection(ExtensibilityGlobals) = postSolution
		SolutionGuid = {BB5C2C0E-6F43-4010-9703-4630A6452129}
	EndGlobalSection
EndGlobal
