
Microsoft Visual Studio Solution File, Format Version 12.00
# Visual Studio Version 17
VisualStudioVersion = 17.11.35327.3
MinimumVisualStudioVersion = 10.0.40219.1
Project("{FAE04EC0-301F-11D3-BF4B-00C04F79EFBC}") = "CodigoClase23-10-2024", "CodigoClase23-10-2024.csproj", "{1607B6DD-5C02-492D-AAAA-66309BB47DDD}"
EndProject
Global
	GlobalSection(SolutionConfigurationPlatforms) = preSolution
		Debug|Any CPU = Debug|Any CPU
		Release|Any CPU = Release|Any CPU
	EndGlobalSection
	GlobalSection(ProjectConfigurationPlatforms) = postSolution
		{1607B6DD-5C02-492D-AAAA-66309BB47DDD}.Debug|Any CPU.ActiveCfg = Debug|Any CPU
		{1607B6DD-5C02-492D-AAAA-66309BB47DDD}.Debug|Any CPU.Build.0 = Debug|Any CPU
		{1607B6DD-5C02-492D-AAAA-66309BB47DDD}.Release|Any CPU.ActiveCfg = Release|Any CPU
		{1607B6DD-5C02-492D-AAAA-66309BB47DDD}.Release|Any CPU.Build.0 = Release|Any CPU
	EndGlobalSection
	GlobalSection(SolutionProperties) = preSolution
		HideSolutionNode = FALSE
	EndGlobalSection
	GlobalSection(ExtensibilityGlobals) = postSolution
		SolutionGuid = {95051E43-DAE4-441F-826F-515AD546A794}
	EndGlobalSection
EndGlobal
