
Microsoft Visual Studio Solution File, Format Version 12.00
# Visual Studio Version 17
VisualStudioVersion = 17.11.35327.3
MinimumVisualStudioVersion = 10.0.40219.1
Project("{FAE04EC0-301F-11D3-BF4B-00C04F79EFBC}") = "CodigoClase 06-11-2024", "CodigoClase 06-11-2024.csproj", "{58A2E7F7-0CA6-465B-BE0E-575F128DAC3B}"
EndProject
Global
	GlobalSection(SolutionConfigurationPlatforms) = preSolution
		Debug|Any CPU = Debug|Any CPU
		Release|Any CPU = Release|Any CPU
	EndGlobalSection
	GlobalSection(ProjectConfigurationPlatforms) = postSolution
		{58A2E7F7-0CA6-465B-BE0E-575F128DAC3B}.Debug|Any CPU.ActiveCfg = Debug|Any CPU
		{58A2E7F7-0CA6-465B-BE0E-575F128DAC3B}.Debug|Any CPU.Build.0 = Debug|Any CPU
		{58A2E7F7-0CA6-465B-BE0E-575F128DAC3B}.Release|Any CPU.ActiveCfg = Release|Any CPU
		{58A2E7F7-0CA6-465B-BE0E-575F128DAC3B}.Release|Any CPU.Build.0 = Release|Any CPU
	EndGlobalSection
	GlobalSection(SolutionProperties) = preSolution
		HideSolutionNode = FALSE
	EndGlobalSection
	GlobalSection(ExtensibilityGlobals) = postSolution
		SolutionGuid = {EC0561C1-D26C-47BE-8DE0-E7A1A60A5E53}
	EndGlobalSection
EndGlobal
