
Microsoft Visual Studio Solution File, Format Version 12.00
# Visual Studio Version 17
VisualStudioVersion = 17.11.35327.3
MinimumVisualStudioVersion = 10.0.40219.1
Project("{9A19103F-16F7-4668-BE54-9A1E7A4F7556}") = "Codigo2024Clase30", "Codigo2024Clase30\Codigo2024Clase30.csproj", "{947ABBC3-C970-464F-9BDF-B1926AEB4D15}"
EndProject
Project("{9A19103F-16F7-4668-BE54-9A1E7A4F7556}") = "Data", "Data\Data.csproj", "{8E44BA4C-BEDC-482A-96A6-73CE9E2A4A4A}"
EndProject
Project("{9A19103F-16F7-4668-BE54-9A1E7A4F7556}") = "Business", "Business\Business.csproj", "{2472DC54-D58F-4CB5-8A5A-B7BC0F9FF8D2}"
EndProject
Project("{9A19103F-16F7-4668-BE54-9A1E7A4F7556}") = "Entity", "Entity\Entity.csproj", "{037D7B04-3080-4128-8463-6FDBF9D1761C}"
EndProject
Project("{FAE04EC0-301F-11D3-BF4B-00C04F79EFBC}") = "Controller", "Controller\Controller.csproj", "{02D00C3D-2784-4FDD-8179-EB6F627028F1}"
EndProject
Global
	GlobalSection(SolutionConfigurationPlatforms) = preSolution
		Debug|Any CPU = Debug|Any CPU
		Release|Any CPU = Release|Any CPU
	EndGlobalSection
	GlobalSection(ProjectConfigurationPlatforms) = postSolution
		{947ABBC3-C970-464F-9BDF-B1926AEB4D15}.Debug|Any CPU.ActiveCfg = Debug|Any CPU
		{947ABBC3-C970-464F-9BDF-B1926AEB4D15}.Debug|Any CPU.Build.0 = Debug|Any CPU
		{947ABBC3-C970-464F-9BDF-B1926AEB4D15}.Release|Any CPU.ActiveCfg = Release|Any CPU
		{947ABBC3-C970-464F-9BDF-B1926AEB4D15}.Release|Any CPU.Build.0 = Release|Any CPU
		{8E44BA4C-BEDC-482A-96A6-73CE9E2A4A4A}.Debug|Any CPU.ActiveCfg = Debug|Any CPU
		{8E44BA4C-BEDC-482A-96A6-73CE9E2A4A4A}.Debug|Any CPU.Build.0 = Debug|Any CPU
		{8E44BA4C-BEDC-482A-96A6-73CE9E2A4A4A}.Release|Any CPU.ActiveCfg = Release|Any CPU
		{8E44BA4C-BEDC-482A-96A6-73CE9E2A4A4A}.Release|Any CPU.Build.0 = Release|Any CPU
		{2472DC54-D58F-4CB5-8A5A-B7BC0F9FF8D2}.Debug|Any CPU.ActiveCfg = Debug|Any CPU
		{2472DC54-D58F-4CB5-8A5A-B7BC0F9FF8D2}.Debug|Any CPU.Build.0 = Debug|Any CPU
		{2472DC54-D58F-4CB5-8A5A-B7BC0F9FF8D2}.Release|Any CPU.ActiveCfg = Release|Any CPU
		{2472DC54-D58F-4CB5-8A5A-B7BC0F9FF8D2}.Release|Any CPU.Build.0 = Release|Any CPU
		{037D7B04-3080-4128-8463-6FDBF9D1761C}.Debug|Any CPU.ActiveCfg = Debug|Any CPU
		{037D7B04-3080-4128-8463-6FDBF9D1761C}.Debug|Any CPU.Build.0 = Debug|Any CPU
		{037D7B04-3080-4128-8463-6FDBF9D1761C}.Release|Any CPU.ActiveCfg = Release|Any CPU
		{037D7B04-3080-4128-8463-6FDBF9D1761C}.Release|Any CPU.Build.0 = Release|Any CPU
		{02D00C3D-2784-4FDD-8179-EB6F627028F1}.Debug|Any CPU.ActiveCfg = Debug|Any CPU
		{02D00C3D-2784-4FDD-8179-EB6F627028F1}.Debug|Any CPU.Build.0 = Debug|Any CPU
		{02D00C3D-2784-4FDD-8179-EB6F627028F1}.Release|Any CPU.ActiveCfg = Release|Any CPU
		{02D00C3D-2784-4FDD-8179-EB6F627028F1}.Release|Any CPU.Build.0 = Release|Any CPU
	EndGlobalSection
	GlobalSection(SolutionProperties) = preSolution
		HideSolutionNode = FALSE
	EndGlobalSection
	GlobalSection(ExtensibilityGlobals) = postSolution
		SolutionGuid = {E3145B56-04C1-482F-A99C-61DE0031E169}
	EndGlobalSection
EndGlobal
